
Microsoft Visual Studio Solution File, Format Version 12.00
# Visual Studio Version 16
VisualStudioVersion = 16.0.28803.452
MinimumVisualStudioVersion = 10.0.40219.1
Project("{FAE04EC0-301F-11D3-BF4B-00C04F79EFBC}") = "FlooringOrder.BLL", "FlooringOrder.BLL\FlooringOrder.BLL.csproj", "{4865AFD9-D69E-4E28-890D-102828096435}"
EndProject
Project("{FAE04EC0-301F-11D3-BF4B-00C04F79EFBC}") = "FlooringOrder.Data", "FlooringOrder.Data\FlooringOrder.Data.csproj", "{2A1E23C4-509A-4600-AC5C-6B5B3E82A872}"
EndProject
Project("{FAE04EC0-301F-11D3-BF4B-00C04F79EFBC}") = "FlooringOrder.Models", "FlooringOrder.Models\FlooringOrder.Models.csproj", "{6EED1C3C-50DC-4C37-AD99-8B4240131102}"
EndProject
Project("{FAE04EC0-301F-11D3-BF4B-00C04F79EFBC}") = "FlooringOrder.Tests", "FlooringOrder.Tests\FlooringOrder.Tests.csproj", "{A5D6D9D2-F362-4832-BFD3-71FE8C2404FB}"
EndProject
Project("{FAE04EC0-301F-11D3-BF4B-00C04F79EFBC}") = "FlooringOrder.UI", "FlooringOrder.UI\FlooringOrder.UI.csproj", "{4389EA8E-A4E2-43CB-839A-B41183502E7E}"
EndProject
Global
	GlobalSection(SolutionConfigurationPlatforms) = preSolution
		Debug|Any CPU = Debug|Any CPU
		Release|Any CPU = Release|Any CPU
	EndGlobalSection
	GlobalSection(ProjectConfigurationPlatforms) = postSolution
		{4865AFD9-D69E-4E28-890D-102828096435}.Debug|Any CPU.ActiveCfg = Debug|Any CPU
		{4865AFD9-D69E-4E28-890D-102828096435}.Debug|Any CPU.Build.0 = Debug|Any CPU
		{4865AFD9-D69E-4E28-890D-102828096435}.Release|Any CPU.ActiveCfg = Release|Any CPU
		{4865AFD9-D69E-4E28-890D-102828096435}.Release|Any CPU.Build.0 = Release|Any CPU
		{2A1E23C4-509A-4600-AC5C-6B5B3E82A872}.Debug|Any CPU.ActiveCfg = Debug|Any CPU
		{2A1E23C4-509A-4600-AC5C-6B5B3E82A872}.Debug|Any CPU.Build.0 = Debug|Any CPU
		{2A1E23C4-509A-4600-AC5C-6B5B3E82A872}.Release|Any CPU.ActiveCfg = Release|Any CPU
		{2A1E23C4-509A-4600-AC5C-6B5B3E82A872}.Release|Any CPU.Build.0 = Release|Any CPU
		{6EED1C3C-50DC-4C37-AD99-8B4240131102}.Debug|Any CPU.ActiveCfg = Debug|Any CPU
		{6EED1C3C-50DC-4C37-AD99-8B4240131102}.Debug|Any CPU.Build.0 = Debug|Any CPU
		{6EED1C3C-50DC-4C37-AD99-8B4240131102}.Release|Any CPU.ActiveCfg = Release|Any CPU
		{6EED1C3C-50DC-4C37-AD99-8B4240131102}.Release|Any CPU.Build.0 = Release|Any CPU
		{A5D6D9D2-F362-4832-BFD3-71FE8C2404FB}.Debug|Any CPU.ActiveCfg = Debug|Any CPU
		{A5D6D9D2-F362-4832-BFD3-71FE8C2404FB}.Debug|Any CPU.Build.0 = Debug|Any CPU
		{A5D6D9D2-F362-4832-BFD3-71FE8C2404FB}.Release|Any CPU.ActiveCfg = Release|Any CPU
		{A5D6D9D2-F362-4832-BFD3-71FE8C2404FB}.Release|Any CPU.Build.0 = Release|Any CPU
		{4389EA8E-A4E2-43CB-839A-B41183502E7E}.Debug|Any CPU.ActiveCfg = Debug|Any CPU
		{4389EA8E-A4E2-43CB-839A-B41183502E7E}.Debug|Any CPU.Build.0 = Debug|Any CPU
		{4389EA8E-A4E2-43CB-839A-B41183502E7E}.Release|Any CPU.ActiveCfg = Release|Any CPU
		{4389EA8E-A4E2-43CB-839A-B41183502E7E}.Release|Any CPU.Build.0 = Release|Any CPU
	EndGlobalSection
	GlobalSection(SolutionProperties) = preSolution
		HideSolutionNode = FALSE
	EndGlobalSection
	GlobalSection(ExtensibilityGlobals) = postSolution
		SolutionGuid = {6BAFEDDA-2743-4137-BCBA-FE5FFBF1FADC}
	EndGlobalSection
EndGlobal
