
Microsoft Visual Studio Solution File, Format Version 12.00
# Visual Studio Version 16
VisualStudioVersion = 16.0.28803.452
MinimumVisualStudioVersion = 10.0.40219.1
Project("{FAE04EC0-301F-11D3-BF4B-00C04F79EFBC}") = "SummativeSums", "SummativeSums.csproj", "{FC4FB211-33B4-4656-8263-2B1A71EA87CF}"
EndProject
Global
	GlobalSection(SolutionConfigurationPlatforms) = preSolution
		Debug|Any CPU = Debug|Any CPU
		Release|Any CPU = Release|Any CPU
	EndGlobalSection
	GlobalSection(ProjectConfigurationPlatforms) = postSolution
		{FC4FB211-33B4-4656-8263-2B1A71EA87CF}.Debug|Any CPU.ActiveCfg = Debug|Any CPU
		{FC4FB211-33B4-4656-8263-2B1A71EA87CF}.Debug|Any CPU.Build.0 = Debug|Any CPU
		{FC4FB211-33B4-4656-8263-2B1A71EA87CF}.Release|Any CPU.ActiveCfg = Release|Any CPU
		{FC4FB211-33B4-4656-8263-2B1A71EA87CF}.Release|Any CPU.Build.0 = Release|Any CPU
	EndGlobalSection
	GlobalSection(SolutionProperties) = preSolution
		HideSolutionNode = FALSE
	EndGlobalSection
	GlobalSection(ExtensibilityGlobals) = postSolution
		SolutionGuid = {9D6F218C-A6C8-48B0-AC23-2114113145CC}
	EndGlobalSection
EndGlobal
